
Microsoft Visual Studio Solution File, Format Version 12.00
# Visual Studio Version 16
VisualStudioVersion = 16.0.31727.386
MinimumVisualStudioVersion = 10.0.40219.1
Project("{FAE04EC0-301F-11D3-BF4B-00C04F79EFBC}") = "9.6", "9.6.csproj", "{8275F41F-AD8D-4A60-8C38-AEC8733F5484}"
EndProject
Global
	GlobalSection(SolutionConfigurationPlatforms) = preSolution
		Debug|Any CPU = Debug|Any CPU
		Release|Any CPU = Release|Any CPU
	EndGlobalSection
	GlobalSection(ProjectConfigurationPlatforms) = postSolution
		{8275F41F-AD8D-4A60-8C38-AEC8733F5484}.Debug|Any CPU.ActiveCfg = Debug|Any CPU
		{8275F41F-AD8D-4A60-8C38-AEC8733F5484}.Debug|Any CPU.Build.0 = Debug|Any CPU
		{8275F41F-AD8D-4A60-8C38-AEC8733F5484}.Release|Any CPU.ActiveCfg = Release|Any CPU
		{8275F41F-AD8D-4A60-8C38-AEC8733F5484}.Release|Any CPU.Build.0 = Release|Any CPU
	EndGlobalSection
	GlobalSection(SolutionProperties) = preSolution
		HideSolutionNode = FALSE
	EndGlobalSection
	GlobalSection(ExtensibilityGlobals) = postSolution
		SolutionGuid = {31FAB5CC-3D32-4CA6-A2E9-EAD5416F4439}
	EndGlobalSection
EndGlobal
